
Microsoft Visual Studio Solution File, Format Version 12.00
# Visual Studio Version 17
VisualStudioVersion = 17.7.34003.232
MinimumVisualStudioVersion = 10.0.40219.1
Project("{9A19103F-16F7-4668-BE54-9A1E7A4F7556}") = "Feladat_00", "Feladat_00\Feladat_00.csproj", "{20B088C3-5164-42F4-88A2-974EC8586EB2}"
EndProject
Project("{9A19103F-16F7-4668-BE54-9A1E7A4F7556}") = "IOlibrary", "IOlibrary\IOlibrary.csproj", "{C0A50C37-55D5-4D85-8B73-D0C4B450671B}"
EndProject
Project("{9A19103F-16F7-4668-BE54-9A1E7A4F7556}") = "Feladat_01", "Feladat_01\Feladat_01.csproj", "{C1F5CD5E-638D-4A10-A39E-D46AC7A7DF35}"
EndProject
Project("{9A19103F-16F7-4668-BE54-9A1E7A4F7556}") = "Feladat_03", "Feladat_03\Feladat_03.csproj", "{5982E2EC-9E69-4412-8F44-903FD0B44FF0}"
EndProject
Project("{9A19103F-16F7-4668-BE54-9A1E7A4F7556}") = "Feladat_06", "Feladat_06\Feladat_06.csproj", "{FDA68153-FA52-4864-BC40-B66D46CEDC5D}"
EndProject
Project("{9A19103F-16F7-4668-BE54-9A1E7A4F7556}") = "CustomLibrary", "CustomLibrary\CustomLibrary.csproj", "{BE861959-FDF6-46EF-B45E-4CF87A69F6E3}"
EndProject
Project("{9A19103F-16F7-4668-BE54-9A1E7A4F7556}") = "Feladat_02", "Feladat_02\Feladat_02.csproj", "{5180A46A-6320-4EF8-8176-685C569C4773}"
EndProject
Project("{9A19103F-16F7-4668-BE54-9A1E7A4F7556}") = "Feladat_04", "Feladat_04\Feladat_04.csproj", "{69387870-E250-4924-B844-DACFE5B4E292}"
EndProject
Project("{9A19103F-16F7-4668-BE54-9A1E7A4F7556}") = "feladat_08", "feladat_08\feladat_08.csproj", "{9BF09D78-36A4-4E93-8C78-AFA783869671}"
EndProject
Project("{9A19103F-16F7-4668-BE54-9A1E7A4F7556}") = "Feladat_09", "Feladat_09\Feladat_09.csproj", "{DAE0627A-37EA-4B7C-9DF5-6FB9BD8433E2}"
EndProject
Project("{9A19103F-16F7-4668-BE54-9A1E7A4F7556}") = "Feladat_11", "Feladat_11\Feladat_11.csproj", "{680009D8-1F66-42F8-A8D6-4D139D2ACE73}"
EndProject
Project("{9A19103F-16F7-4668-BE54-9A1E7A4F7556}") = "Feladat_11_tobb_szemelyes", "Feladat_11_tobb_szemelyes\Feladat_11_tobb_szemelyes.csproj", "{F09927F5-DCE9-4729-9209-CFAEC74EDC99}"
EndProject
Project("{9A19103F-16F7-4668-BE54-9A1E7A4F7556}") = "UjFeladat_06", "UjFeladat_06\UjFeladat_06.csproj", "{A49F2AC6-84D6-4D2C-B523-67C361149B7B}"
EndProject
Project("{9A19103F-16F7-4668-BE54-9A1E7A4F7556}") = "UjFeladat_07", "UjFeladat_07\UjFeladat_07.csproj", "{E65B3581-14F3-4668-8B14-AB31F7AFE5D7}"
EndProject
Project("{9A19103F-16F7-4668-BE54-9A1E7A4F7556}") = "UjFeladat_08", "UjFeladat_08\UjFeladat_08.csproj", "{6E3E96B7-4122-4BEC-9EF7-240FE6D69CCE}"
EndProject
Project("{FAE04EC0-301F-11D3-BF4B-00C04F79EFBC}") = "UjFeladat_04", "UjFeladat_04\UjFeladat_04.csproj", "{CB6CDA29-8AFC-42A4-A7D6-CFAA915EFE5C}"
EndProject
Global
	GlobalSection(SolutionConfigurationPlatforms) = preSolution
		Debug|Any CPU = Debug|Any CPU
		Release|Any CPU = Release|Any CPU
	EndGlobalSection
	GlobalSection(ProjectConfigurationPlatforms) = postSolution
		{20B088C3-5164-42F4-88A2-974EC8586EB2}.Debug|Any CPU.ActiveCfg = Debug|Any CPU
		{20B088C3-5164-42F4-88A2-974EC8586EB2}.Debug|Any CPU.Build.0 = Debug|Any CPU
		{20B088C3-5164-42F4-88A2-974EC8586EB2}.Release|Any CPU.ActiveCfg = Release|Any CPU
		{20B088C3-5164-42F4-88A2-974EC8586EB2}.Release|Any CPU.Build.0 = Release|Any CPU
		{C0A50C37-55D5-4D85-8B73-D0C4B450671B}.Debug|Any CPU.ActiveCfg = Debug|Any CPU
		{C0A50C37-55D5-4D85-8B73-D0C4B450671B}.Debug|Any CPU.Build.0 = Debug|Any CPU
		{C0A50C37-55D5-4D85-8B73-D0C4B450671B}.Release|Any CPU.ActiveCfg = Release|Any CPU
		{C0A50C37-55D5-4D85-8B73-D0C4B450671B}.Release|Any CPU.Build.0 = Release|Any CPU
		{C1F5CD5E-638D-4A10-A39E-D46AC7A7DF35}.Debug|Any CPU.ActiveCfg = Debug|Any CPU
		{C1F5CD5E-638D-4A10-A39E-D46AC7A7DF35}.Debug|Any CPU.Build.0 = Debug|Any CPU
		{C1F5CD5E-638D-4A10-A39E-D46AC7A7DF35}.Release|Any CPU.ActiveCfg = Release|Any CPU
		{C1F5CD5E-638D-4A10-A39E-D46AC7A7DF35}.Release|Any CPU.Build.0 = Release|Any CPU
		{5982E2EC-9E69-4412-8F44-903FD0B44FF0}.Debug|Any CPU.ActiveCfg = Debug|Any CPU
		{5982E2EC-9E69-4412-8F44-903FD0B44FF0}.Debug|Any CPU.Build.0 = Debug|Any CPU
		{5982E2EC-9E69-4412-8F44-903FD0B44FF0}.Release|Any CPU.ActiveCfg = Release|Any CPU
		{5982E2EC-9E69-4412-8F44-903FD0B44FF0}.Release|Any CPU.Build.0 = Release|Any CPU
		{FDA68153-FA52-4864-BC40-B66D46CEDC5D}.Debug|Any CPU.ActiveCfg = Debug|Any CPU
		{FDA68153-FA52-4864-BC40-B66D46CEDC5D}.Debug|Any CPU.Build.0 = Debug|Any CPU
		{FDA68153-FA52-4864-BC40-B66D46CEDC5D}.Release|Any CPU.ActiveCfg = Release|Any CPU
		{FDA68153-FA52-4864-BC40-B66D46CEDC5D}.Release|Any CPU.Build.0 = Release|Any CPU
		{BE861959-FDF6-46EF-B45E-4CF87A69F6E3}.Debug|Any CPU.ActiveCfg = Debug|Any CPU
		{BE861959-FDF6-46EF-B45E-4CF87A69F6E3}.Debug|Any CPU.Build.0 = Debug|Any CPU
		{BE861959-FDF6-46EF-B45E-4CF87A69F6E3}.Release|Any CPU.ActiveCfg = Release|Any CPU
		{BE861959-FDF6-46EF-B45E-4CF87A69F6E3}.Release|Any CPU.Build.0 = Release|Any CPU
		{5180A46A-6320-4EF8-8176-685C569C4773}.Debug|Any CPU.ActiveCfg = Debug|Any CPU
		{5180A46A-6320-4EF8-8176-685C569C4773}.Debug|Any CPU.Build.0 = Debug|Any CPU
		{5180A46A-6320-4EF8-8176-685C569C4773}.Release|Any CPU.ActiveCfg = Release|Any CPU
		{5180A46A-6320-4EF8-8176-685C569C4773}.Release|Any CPU.Build.0 = Release|Any CPU
		{69387870-E250-4924-B844-DACFE5B4E292}.Debug|Any CPU.ActiveCfg = Debug|Any CPU
		{69387870-E250-4924-B844-DACFE5B4E292}.Debug|Any CPU.Build.0 = Debug|Any CPU
		{69387870-E250-4924-B844-DACFE5B4E292}.Release|Any CPU.ActiveCfg = Release|Any CPU
		{69387870-E250-4924-B844-DACFE5B4E292}.Release|Any CPU.Build.0 = Release|Any CPU
		{9BF09D78-36A4-4E93-8C78-AFA783869671}.Debug|Any CPU.ActiveCfg = Debug|Any CPU
		{9BF09D78-36A4-4E93-8C78-AFA783869671}.Debug|Any CPU.Build.0 = Debug|Any CPU
		{9BF09D78-36A4-4E93-8C78-AFA783869671}.Release|Any CPU.ActiveCfg = Release|Any CPU
		{9BF09D78-36A4-4E93-8C78-AFA783869671}.Release|Any CPU.Build.0 = Release|Any CPU
		{DAE0627A-37EA-4B7C-9DF5-6FB9BD8433E2}.Debug|Any CPU.ActiveCfg = Debug|Any CPU
		{DAE0627A-37EA-4B7C-9DF5-6FB9BD8433E2}.Debug|Any CPU.Build.0 = Debug|Any CPU
		{DAE0627A-37EA-4B7C-9DF5-6FB9BD8433E2}.Release|Any CPU.ActiveCfg = Release|Any CPU
		{DAE0627A-37EA-4B7C-9DF5-6FB9BD8433E2}.Release|Any CPU.Build.0 = Release|Any CPU
		{680009D8-1F66-42F8-A8D6-4D139D2ACE73}.Debug|Any CPU.ActiveCfg = Debug|Any CPU
		{680009D8-1F66-42F8-A8D6-4D139D2ACE73}.Debug|Any CPU.Build.0 = Debug|Any CPU
		{680009D8-1F66-42F8-A8D6-4D139D2ACE73}.Release|Any CPU.ActiveCfg = Release|Any CPU
		{680009D8-1F66-42F8-A8D6-4D139D2ACE73}.Release|Any CPU.Build.0 = Release|Any CPU
		{F09927F5-DCE9-4729-9209-CFAEC74EDC99}.Debug|Any CPU.ActiveCfg = Debug|Any CPU
		{F09927F5-DCE9-4729-9209-CFAEC74EDC99}.Debug|Any CPU.Build.0 = Debug|Any CPU
		{F09927F5-DCE9-4729-9209-CFAEC74EDC99}.Release|Any CPU.ActiveCfg = Release|Any CPU
		{F09927F5-DCE9-4729-9209-CFAEC74EDC99}.Release|Any CPU.Build.0 = Release|Any CPU
		{A49F2AC6-84D6-4D2C-B523-67C361149B7B}.Debug|Any CPU.ActiveCfg = Debug|Any CPU
		{A49F2AC6-84D6-4D2C-B523-67C361149B7B}.Debug|Any CPU.Build.0 = Debug|Any CPU
		{A49F2AC6-84D6-4D2C-B523-67C361149B7B}.Release|Any CPU.ActiveCfg = Release|Any CPU
		{A49F2AC6-84D6-4D2C-B523-67C361149B7B}.Release|Any CPU.Build.0 = Release|Any CPU
		{E65B3581-14F3-4668-8B14-AB31F7AFE5D7}.Debug|Any CPU.ActiveCfg = Debug|Any CPU
		{E65B3581-14F3-4668-8B14-AB31F7AFE5D7}.Debug|Any CPU.Build.0 = Debug|Any CPU
		{E65B3581-14F3-4668-8B14-AB31F7AFE5D7}.Release|Any CPU.ActiveCfg = Release|Any CPU
		{E65B3581-14F3-4668-8B14-AB31F7AFE5D7}.Release|Any CPU.Build.0 = Release|Any CPU
		{6E3E96B7-4122-4BEC-9EF7-240FE6D69CCE}.Debug|Any CPU.ActiveCfg = Debug|Any CPU
		{6E3E96B7-4122-4BEC-9EF7-240FE6D69CCE}.Debug|Any CPU.Build.0 = Debug|Any CPU
		{6E3E96B7-4122-4BEC-9EF7-240FE6D69CCE}.Release|Any CPU.ActiveCfg = Release|Any CPU
		{6E3E96B7-4122-4BEC-9EF7-240FE6D69CCE}.Release|Any CPU.Build.0 = Release|Any CPU
		{CB6CDA29-8AFC-42A4-A7D6-CFAA915EFE5C}.Debug|Any CPU.ActiveCfg = Debug|Any CPU
		{CB6CDA29-8AFC-42A4-A7D6-CFAA915EFE5C}.Debug|Any CPU.Build.0 = Debug|Any CPU
		{CB6CDA29-8AFC-42A4-A7D6-CFAA915EFE5C}.Release|Any CPU.ActiveCfg = Release|Any CPU
		{CB6CDA29-8AFC-42A4-A7D6-CFAA915EFE5C}.Release|Any CPU.Build.0 = Release|Any CPU
	EndGlobalSection
	GlobalSection(SolutionProperties) = preSolution
		HideSolutionNode = FALSE
	EndGlobalSection
	GlobalSection(ExtensibilityGlobals) = postSolution
		SolutionGuid = {6717CA32-14FA-43A9-8833-6AEDAFAF14B3}
	EndGlobalSection
EndGlobal
