
Microsoft Visual Studio Solution File, Format Version 12.00
# Visual Studio Version 17
VisualStudioVersion = 17.7.34003.232
MinimumVisualStudioVersion = 10.0.40219.1
Project("{9A19103F-16F7-4668-BE54-9A1E7A4F7556}") = "haromszog1", "haromszog1\haromszog1.csproj", "{8BFCD220-79EF-4B5F-9CB9-9C66AC7C547F}"
EndProject
Project("{9A19103F-16F7-4668-BE54-9A1E7A4F7556}") = "haromszog2", "haromszog2\haromszog2.csproj", "{61EE34C6-1297-4FF5-9DCF-24C2BE1628C7}"
EndProject
Project("{9A19103F-16F7-4668-BE54-9A1E7A4F7556}") = "haromszog3", "haromszog3\haromszog3.csproj", "{C1264CF4-8447-4655-9704-902AD8237E25}"
EndProject
Project("{FAE04EC0-301F-11D3-BF4B-00C04F79EFBC}") = "haz", "haz\haz.csproj", "{62CFC83D-A285-44C8-915E-95CE6CE8F516}"
EndProject
Global
	GlobalSection(SolutionConfigurationPlatforms) = preSolution
		Debug|Any CPU = Debug|Any CPU
		Release|Any CPU = Release|Any CPU
	EndGlobalSection
	GlobalSection(ProjectConfigurationPlatforms) = postSolution
		{8BFCD220-79EF-4B5F-9CB9-9C66AC7C547F}.Debug|Any CPU.ActiveCfg = Debug|Any CPU
		{8BFCD220-79EF-4B5F-9CB9-9C66AC7C547F}.Debug|Any CPU.Build.0 = Debug|Any CPU
		{8BFCD220-79EF-4B5F-9CB9-9C66AC7C547F}.Release|Any CPU.ActiveCfg = Release|Any CPU
		{8BFCD220-79EF-4B5F-9CB9-9C66AC7C547F}.Release|Any CPU.Build.0 = Release|Any CPU
		{61EE34C6-1297-4FF5-9DCF-24C2BE1628C7}.Debug|Any CPU.ActiveCfg = Debug|Any CPU
		{61EE34C6-1297-4FF5-9DCF-24C2BE1628C7}.Debug|Any CPU.Build.0 = Debug|Any CPU
		{61EE34C6-1297-4FF5-9DCF-24C2BE1628C7}.Release|Any CPU.ActiveCfg = Release|Any CPU
		{61EE34C6-1297-4FF5-9DCF-24C2BE1628C7}.Release|Any CPU.Build.0 = Release|Any CPU
		{C1264CF4-8447-4655-9704-902AD8237E25}.Debug|Any CPU.ActiveCfg = Debug|Any CPU
		{C1264CF4-8447-4655-9704-902AD8237E25}.Debug|Any CPU.Build.0 = Debug|Any CPU
		{C1264CF4-8447-4655-9704-902AD8237E25}.Release|Any CPU.ActiveCfg = Release|Any CPU
		{C1264CF4-8447-4655-9704-902AD8237E25}.Release|Any CPU.Build.0 = Release|Any CPU
		{62CFC83D-A285-44C8-915E-95CE6CE8F516}.Debug|Any CPU.ActiveCfg = Debug|Any CPU
		{62CFC83D-A285-44C8-915E-95CE6CE8F516}.Debug|Any CPU.Build.0 = Debug|Any CPU
		{62CFC83D-A285-44C8-915E-95CE6CE8F516}.Release|Any CPU.ActiveCfg = Release|Any CPU
		{62CFC83D-A285-44C8-915E-95CE6CE8F516}.Release|Any CPU.Build.0 = Release|Any CPU
	EndGlobalSection
	GlobalSection(SolutionProperties) = preSolution
		HideSolutionNode = FALSE
	EndGlobalSection
	GlobalSection(ExtensibilityGlobals) = postSolution
		SolutionGuid = {8A8E49BA-261A-4600-87CB-B06A10A16C04}
	EndGlobalSection
EndGlobal
