
Microsoft Visual Studio Solution File, Format Version 12.00
# Visual Studio Version 17
VisualStudioVersion = 17.5.33530.505
MinimumVisualStudioVersion = 10.0.40219.1
Project("{9A19103F-16F7-4668-BE54-9A1E7A4F7556}") = "feladat_00", "feladat_00\feladat_00.csproj", "{692546EF-4BB4-4636-B716-81B3682351DF}"
EndProject
Project("{9A19103F-16F7-4668-BE54-9A1E7A4F7556}") = "feladat_01", "feladat_01\feladat_01.csproj", "{7ED084E5-9008-4A60-9919-EFBB86FEE496}"
EndProject
Project("{FAE04EC0-301F-11D3-BF4B-00C04F79EFBC}") = "feladat_02", "feladat_02\feladat_02.csproj", "{82C9A1EC-0A0C-4D5F-88C4-871B8C66EFF5}"
EndProject
Project("{FAE04EC0-301F-11D3-BF4B-00C04F79EFBC}") = "feladat_03", "feladat_03\feladat_03.csproj", "{70EAB7CB-007A-4922-80C0-A74E726F3E8E}"
EndProject
Global
	GlobalSection(SolutionConfigurationPlatforms) = preSolution
		Debug|Any CPU = Debug|Any CPU
		Release|Any CPU = Release|Any CPU
	EndGlobalSection
	GlobalSection(ProjectConfigurationPlatforms) = postSolution
		{692546EF-4BB4-4636-B716-81B3682351DF}.Debug|Any CPU.ActiveCfg = Debug|Any CPU
		{692546EF-4BB4-4636-B716-81B3682351DF}.Debug|Any CPU.Build.0 = Debug|Any CPU
		{692546EF-4BB4-4636-B716-81B3682351DF}.Release|Any CPU.ActiveCfg = Release|Any CPU
		{692546EF-4BB4-4636-B716-81B3682351DF}.Release|Any CPU.Build.0 = Release|Any CPU
		{7ED084E5-9008-4A60-9919-EFBB86FEE496}.Debug|Any CPU.ActiveCfg = Debug|Any CPU
		{7ED084E5-9008-4A60-9919-EFBB86FEE496}.Debug|Any CPU.Build.0 = Debug|Any CPU
		{7ED084E5-9008-4A60-9919-EFBB86FEE496}.Release|Any CPU.ActiveCfg = Release|Any CPU
		{7ED084E5-9008-4A60-9919-EFBB86FEE496}.Release|Any CPU.Build.0 = Release|Any CPU
		{82C9A1EC-0A0C-4D5F-88C4-871B8C66EFF5}.Debug|Any CPU.ActiveCfg = Debug|Any CPU
		{82C9A1EC-0A0C-4D5F-88C4-871B8C66EFF5}.Debug|Any CPU.Build.0 = Debug|Any CPU
		{82C9A1EC-0A0C-4D5F-88C4-871B8C66EFF5}.Release|Any CPU.ActiveCfg = Release|Any CPU
		{82C9A1EC-0A0C-4D5F-88C4-871B8C66EFF5}.Release|Any CPU.Build.0 = Release|Any CPU
		{70EAB7CB-007A-4922-80C0-A74E726F3E8E}.Debug|Any CPU.ActiveCfg = Debug|Any CPU
		{70EAB7CB-007A-4922-80C0-A74E726F3E8E}.Debug|Any CPU.Build.0 = Debug|Any CPU
		{70EAB7CB-007A-4922-80C0-A74E726F3E8E}.Release|Any CPU.ActiveCfg = Release|Any CPU
		{70EAB7CB-007A-4922-80C0-A74E726F3E8E}.Release|Any CPU.Build.0 = Release|Any CPU
	EndGlobalSection
	GlobalSection(SolutionProperties) = preSolution
		HideSolutionNode = FALSE
	EndGlobalSection
	GlobalSection(ExtensibilityGlobals) = postSolution
		SolutionGuid = {F006E996-354B-43E0-ABB7-D50F21EEC185}
	EndGlobalSection
EndGlobal
