
Microsoft Visual Studio Solution File, Format Version 12.00
# Visual Studio Version 17
VisualStudioVersion = 17.8.34309.116
MinimumVisualStudioVersion = 10.0.40219.1
Project("{9A19103F-16F7-4668-BE54-9A1E7A4F7556}") = "Osszefoglalo", "Osszefoglalo\Osszefoglalo.csproj", "{57890B73-D59A-4822-BBDC-9B57A7ADEE88}"
EndProject
Project("{9A19103F-16F7-4668-BE54-9A1E7A4F7556}") = "CustomLibrary", "CustomLibrary\CustomLibrary.csproj", "{D0755F4E-6B21-4973-AA09-B8EA935D653F}"
EndProject
Global
	GlobalSection(SolutionConfigurationPlatforms) = preSolution
		Debug|Any CPU = Debug|Any CPU
		Release|Any CPU = Release|Any CPU
	EndGlobalSection
	GlobalSection(ProjectConfigurationPlatforms) = postSolution
		{57890B73-D59A-4822-BBDC-9B57A7ADEE88}.Debug|Any CPU.ActiveCfg = Debug|Any CPU
		{57890B73-D59A-4822-BBDC-9B57A7ADEE88}.Debug|Any CPU.Build.0 = Debug|Any CPU
		{57890B73-D59A-4822-BBDC-9B57A7ADEE88}.Release|Any CPU.ActiveCfg = Release|Any CPU
		{57890B73-D59A-4822-BBDC-9B57A7ADEE88}.Release|Any CPU.Build.0 = Release|Any CPU
		{D0755F4E-6B21-4973-AA09-B8EA935D653F}.Debug|Any CPU.ActiveCfg = Debug|Any CPU
		{D0755F4E-6B21-4973-AA09-B8EA935D653F}.Debug|Any CPU.Build.0 = Debug|Any CPU
		{D0755F4E-6B21-4973-AA09-B8EA935D653F}.Release|Any CPU.ActiveCfg = Release|Any CPU
		{D0755F4E-6B21-4973-AA09-B8EA935D653F}.Release|Any CPU.Build.0 = Release|Any CPU
	EndGlobalSection
	GlobalSection(SolutionProperties) = preSolution
		HideSolutionNode = FALSE
	EndGlobalSection
	GlobalSection(ExtensibilityGlobals) = postSolution
		SolutionGuid = {B235E837-7617-4B23-B771-60C6456B28F5}
	EndGlobalSection
EndGlobal
