
Microsoft Visual Studio Solution File, Format Version 12.00
# Visual Studio Version 17
VisualStudioVersion = 17.8.34309.116
MinimumVisualStudioVersion = 10.0.40219.1
Project("{9A19103F-16F7-4668-BE54-9A1E7A4F7556}") = "CustomLibrary", "CustomLibrary\CustomLibrary.csproj", "{210A0920-3AA0-4D4C-B02F-B71B03F7EA01}"
EndProject
Project("{9A19103F-16F7-4668-BE54-9A1E7A4F7556}") = "Feladat_01", "Feladat_01\Feladat_01.csproj", "{2ABE4500-2832-41D9-BF85-9F618835A5EA}"
EndProject
Project("{9A19103F-16F7-4668-BE54-9A1E7A4F7556}") = "Feladat_04", "Feladat_04\Feladat_04.csproj", "{5C0301CE-7CA6-4F2B-836D-BC5C443D9FD3}"
EndProject
Project("{9A19103F-16F7-4668-BE54-9A1E7A4F7556}") = "FEladat_07", "FEladat_07\FEladat_07.csproj", "{DC44C3FF-BB87-40B7-B35B-5693EBF0F301}"
EndProject
Project("{9A19103F-16F7-4668-BE54-9A1E7A4F7556}") = "Feladat_08", "Feladat_8\Feladat_08.csproj", "{79205BE4-E6FB-4D2D-AF58-13D90BD34BA5}"
EndProject
Project("{9A19103F-16F7-4668-BE54-9A1E7A4F7556}") = "Feladat_09", "Feladat_09\Feladat_09.csproj", "{8BD6BE1D-4181-450F-B5E6-FCD8352B7905}"
EndProject
Project("{9A19103F-16F7-4668-BE54-9A1E7A4F7556}") = "Feladat_10", "Feladat_10\Feladat_10.csproj", "{EC67BF59-B7F3-4F9F-9356-25087AC45B1A}"
EndProject
Project("{9A19103F-16F7-4668-BE54-9A1E7A4F7556}") = "Feladat_11", "Feladat_11\Feladat_11.csproj", "{EE145B8B-F551-48CE-BFDA-F55EE26A0569}"
EndProject
Project("{9A19103F-16F7-4668-BE54-9A1E7A4F7556}") = "Feladat_12", "Feladat_12\Feladat_12.csproj", "{C3B70002-5D2F-4B68-AEEA-784592B6C05A}"
EndProject
Project("{FAE04EC0-301F-11D3-BF4B-00C04F79EFBC}") = "Feladat_13", "Feladat_13\Feladat_13.csproj", "{2F5F6751-29E8-481D-87F4-29629DB72D5B}"
EndProject
Project("{FAE04EC0-301F-11D3-BF4B-00C04F79EFBC}") = "Feladat_14", "Feladat_14\Feladat_14.csproj", "{CC8623BD-F40C-42E5-8002-4BEC0A3330FF}"
EndProject
Project("{FAE04EC0-301F-11D3-BF4B-00C04F79EFBC}") = "Feladat_15", "Feladat_15\Feladat_15.csproj", "{6A3BA6AC-3076-4C81-8A0A-943958B5C4AE}"
EndProject
Project("{FAE04EC0-301F-11D3-BF4B-00C04F79EFBC}") = "Feladat_16", "Feladat_16\Feladat_16.csproj", "{61798C55-62ED-4774-A5B4-223B999C1EB8}"
EndProject
Global
	GlobalSection(SolutionConfigurationPlatforms) = preSolution
		Debug|Any CPU = Debug|Any CPU
		Release|Any CPU = Release|Any CPU
	EndGlobalSection
	GlobalSection(ProjectConfigurationPlatforms) = postSolution
		{210A0920-3AA0-4D4C-B02F-B71B03F7EA01}.Debug|Any CPU.ActiveCfg = Debug|Any CPU
		{210A0920-3AA0-4D4C-B02F-B71B03F7EA01}.Debug|Any CPU.Build.0 = Debug|Any CPU
		{210A0920-3AA0-4D4C-B02F-B71B03F7EA01}.Release|Any CPU.ActiveCfg = Release|Any CPU
		{210A0920-3AA0-4D4C-B02F-B71B03F7EA01}.Release|Any CPU.Build.0 = Release|Any CPU
		{2ABE4500-2832-41D9-BF85-9F618835A5EA}.Debug|Any CPU.ActiveCfg = Debug|Any CPU
		{2ABE4500-2832-41D9-BF85-9F618835A5EA}.Debug|Any CPU.Build.0 = Debug|Any CPU
		{2ABE4500-2832-41D9-BF85-9F618835A5EA}.Release|Any CPU.ActiveCfg = Release|Any CPU
		{2ABE4500-2832-41D9-BF85-9F618835A5EA}.Release|Any CPU.Build.0 = Release|Any CPU
		{5C0301CE-7CA6-4F2B-836D-BC5C443D9FD3}.Debug|Any CPU.ActiveCfg = Debug|Any CPU
		{5C0301CE-7CA6-4F2B-836D-BC5C443D9FD3}.Debug|Any CPU.Build.0 = Debug|Any CPU
		{5C0301CE-7CA6-4F2B-836D-BC5C443D9FD3}.Release|Any CPU.ActiveCfg = Release|Any CPU
		{5C0301CE-7CA6-4F2B-836D-BC5C443D9FD3}.Release|Any CPU.Build.0 = Release|Any CPU
		{DC44C3FF-BB87-40B7-B35B-5693EBF0F301}.Debug|Any CPU.ActiveCfg = Debug|Any CPU
		{DC44C3FF-BB87-40B7-B35B-5693EBF0F301}.Debug|Any CPU.Build.0 = Debug|Any CPU
		{DC44C3FF-BB87-40B7-B35B-5693EBF0F301}.Release|Any CPU.ActiveCfg = Release|Any CPU
		{DC44C3FF-BB87-40B7-B35B-5693EBF0F301}.Release|Any CPU.Build.0 = Release|Any CPU
		{79205BE4-E6FB-4D2D-AF58-13D90BD34BA5}.Debug|Any CPU.ActiveCfg = Debug|Any CPU
		{79205BE4-E6FB-4D2D-AF58-13D90BD34BA5}.Debug|Any CPU.Build.0 = Debug|Any CPU
		{79205BE4-E6FB-4D2D-AF58-13D90BD34BA5}.Release|Any CPU.ActiveCfg = Release|Any CPU
		{79205BE4-E6FB-4D2D-AF58-13D90BD34BA5}.Release|Any CPU.Build.0 = Release|Any CPU
		{8BD6BE1D-4181-450F-B5E6-FCD8352B7905}.Debug|Any CPU.ActiveCfg = Debug|Any CPU
		{8BD6BE1D-4181-450F-B5E6-FCD8352B7905}.Debug|Any CPU.Build.0 = Debug|Any CPU
		{8BD6BE1D-4181-450F-B5E6-FCD8352B7905}.Release|Any CPU.ActiveCfg = Release|Any CPU
		{8BD6BE1D-4181-450F-B5E6-FCD8352B7905}.Release|Any CPU.Build.0 = Release|Any CPU
		{EC67BF59-B7F3-4F9F-9356-25087AC45B1A}.Debug|Any CPU.ActiveCfg = Debug|Any CPU
		{EC67BF59-B7F3-4F9F-9356-25087AC45B1A}.Debug|Any CPU.Build.0 = Debug|Any CPU
		{EC67BF59-B7F3-4F9F-9356-25087AC45B1A}.Release|Any CPU.ActiveCfg = Release|Any CPU
		{EC67BF59-B7F3-4F9F-9356-25087AC45B1A}.Release|Any CPU.Build.0 = Release|Any CPU
		{EE145B8B-F551-48CE-BFDA-F55EE26A0569}.Debug|Any CPU.ActiveCfg = Debug|Any CPU
		{EE145B8B-F551-48CE-BFDA-F55EE26A0569}.Debug|Any CPU.Build.0 = Debug|Any CPU
		{EE145B8B-F551-48CE-BFDA-F55EE26A0569}.Release|Any CPU.ActiveCfg = Release|Any CPU
		{EE145B8B-F551-48CE-BFDA-F55EE26A0569}.Release|Any CPU.Build.0 = Release|Any CPU
		{C3B70002-5D2F-4B68-AEEA-784592B6C05A}.Debug|Any CPU.ActiveCfg = Debug|Any CPU
		{C3B70002-5D2F-4B68-AEEA-784592B6C05A}.Debug|Any CPU.Build.0 = Debug|Any CPU
		{C3B70002-5D2F-4B68-AEEA-784592B6C05A}.Release|Any CPU.ActiveCfg = Release|Any CPU
		{C3B70002-5D2F-4B68-AEEA-784592B6C05A}.Release|Any CPU.Build.0 = Release|Any CPU
		{2F5F6751-29E8-481D-87F4-29629DB72D5B}.Debug|Any CPU.ActiveCfg = Debug|Any CPU
		{2F5F6751-29E8-481D-87F4-29629DB72D5B}.Debug|Any CPU.Build.0 = Debug|Any CPU
		{2F5F6751-29E8-481D-87F4-29629DB72D5B}.Release|Any CPU.ActiveCfg = Release|Any CPU
		{2F5F6751-29E8-481D-87F4-29629DB72D5B}.Release|Any CPU.Build.0 = Release|Any CPU
		{CC8623BD-F40C-42E5-8002-4BEC0A3330FF}.Debug|Any CPU.ActiveCfg = Debug|Any CPU
		{CC8623BD-F40C-42E5-8002-4BEC0A3330FF}.Debug|Any CPU.Build.0 = Debug|Any CPU
		{CC8623BD-F40C-42E5-8002-4BEC0A3330FF}.Release|Any CPU.ActiveCfg = Release|Any CPU
		{CC8623BD-F40C-42E5-8002-4BEC0A3330FF}.Release|Any CPU.Build.0 = Release|Any CPU
		{6A3BA6AC-3076-4C81-8A0A-943958B5C4AE}.Debug|Any CPU.ActiveCfg = Debug|Any CPU
		{6A3BA6AC-3076-4C81-8A0A-943958B5C4AE}.Debug|Any CPU.Build.0 = Debug|Any CPU
		{6A3BA6AC-3076-4C81-8A0A-943958B5C4AE}.Release|Any CPU.ActiveCfg = Release|Any CPU
		{6A3BA6AC-3076-4C81-8A0A-943958B5C4AE}.Release|Any CPU.Build.0 = Release|Any CPU
		{61798C55-62ED-4774-A5B4-223B999C1EB8}.Debug|Any CPU.ActiveCfg = Debug|Any CPU
		{61798C55-62ED-4774-A5B4-223B999C1EB8}.Debug|Any CPU.Build.0 = Debug|Any CPU
		{61798C55-62ED-4774-A5B4-223B999C1EB8}.Release|Any CPU.ActiveCfg = Release|Any CPU
		{61798C55-62ED-4774-A5B4-223B999C1EB8}.Release|Any CPU.Build.0 = Release|Any CPU
	EndGlobalSection
	GlobalSection(SolutionProperties) = preSolution
		HideSolutionNode = FALSE
	EndGlobalSection
	GlobalSection(ExtensibilityGlobals) = postSolution
		SolutionGuid = {75DC6C32-EE43-4686-9E4E-95E36F88383B}
	EndGlobalSection
EndGlobal
