
Microsoft Visual Studio Solution File, Format Version 12.00
# Visual Studio Version 17
VisualStudioVersion = 17.8.34309.116
MinimumVisualStudioVersion = 10.0.40219.1
Project("{9A19103F-16F7-4668-BE54-9A1E7A4F7556}") = "CustomLibrary", "CustomLibrary\CustomLibrary.csproj", "{210A0920-3AA0-4D4C-B02F-B71B03F7EA01}"
EndProject
Project("{9A19103F-16F7-4668-BE54-9A1E7A4F7556}") = "Feladat_01", "Feladat_01\Feladat_01.csproj", "{2ABE4500-2832-41D9-BF85-9F618835A5EA}"
EndProject
Project("{FAE04EC0-301F-11D3-BF4B-00C04F79EFBC}") = "Feladat_04", "Feladat_04\Feladat_04.csproj", "{5C0301CE-7CA6-4F2B-836D-BC5C443D9FD3}"
EndProject
Project("{FAE04EC0-301F-11D3-BF4B-00C04F79EFBC}") = "FEladat_07", "FEladat_07\FEladat_07.csproj", "{DC44C3FF-BB87-40B7-B35B-5693EBF0F301}"
EndProject
Global
	GlobalSection(SolutionConfigurationPlatforms) = preSolution
		Debug|Any CPU = Debug|Any CPU
		Release|Any CPU = Release|Any CPU
	EndGlobalSection
	GlobalSection(ProjectConfigurationPlatforms) = postSolution
		{210A0920-3AA0-4D4C-B02F-B71B03F7EA01}.Debug|Any CPU.ActiveCfg = Debug|Any CPU
		{210A0920-3AA0-4D4C-B02F-B71B03F7EA01}.Debug|Any CPU.Build.0 = Debug|Any CPU
		{210A0920-3AA0-4D4C-B02F-B71B03F7EA01}.Release|Any CPU.ActiveCfg = Release|Any CPU
		{210A0920-3AA0-4D4C-B02F-B71B03F7EA01}.Release|Any CPU.Build.0 = Release|Any CPU
		{2ABE4500-2832-41D9-BF85-9F618835A5EA}.Debug|Any CPU.ActiveCfg = Debug|Any CPU
		{2ABE4500-2832-41D9-BF85-9F618835A5EA}.Debug|Any CPU.Build.0 = Debug|Any CPU
		{2ABE4500-2832-41D9-BF85-9F618835A5EA}.Release|Any CPU.ActiveCfg = Release|Any CPU
		{2ABE4500-2832-41D9-BF85-9F618835A5EA}.Release|Any CPU.Build.0 = Release|Any CPU
		{5C0301CE-7CA6-4F2B-836D-BC5C443D9FD3}.Debug|Any CPU.ActiveCfg = Debug|Any CPU
		{5C0301CE-7CA6-4F2B-836D-BC5C443D9FD3}.Debug|Any CPU.Build.0 = Debug|Any CPU
		{5C0301CE-7CA6-4F2B-836D-BC5C443D9FD3}.Release|Any CPU.ActiveCfg = Release|Any CPU
		{5C0301CE-7CA6-4F2B-836D-BC5C443D9FD3}.Release|Any CPU.Build.0 = Release|Any CPU
		{DC44C3FF-BB87-40B7-B35B-5693EBF0F301}.Debug|Any CPU.ActiveCfg = Debug|Any CPU
		{DC44C3FF-BB87-40B7-B35B-5693EBF0F301}.Debug|Any CPU.Build.0 = Debug|Any CPU
		{DC44C3FF-BB87-40B7-B35B-5693EBF0F301}.Release|Any CPU.ActiveCfg = Release|Any CPU
		{DC44C3FF-BB87-40B7-B35B-5693EBF0F301}.Release|Any CPU.Build.0 = Release|Any CPU
	EndGlobalSection
	GlobalSection(SolutionProperties) = preSolution
		HideSolutionNode = FALSE
	EndGlobalSection
	GlobalSection(ExtensibilityGlobals) = postSolution
		SolutionGuid = {75DC6C32-EE43-4686-9E4E-95E36F88383B}
	EndGlobalSection
EndGlobal
