
Microsoft Visual Studio Solution File, Format Version 12.00
# Visual Studio Version 17
VisualStudioVersion = 17.9.34622.214
MinimumVisualStudioVersion = 10.0.40219.1
Project("{9A19103F-16F7-4668-BE54-9A1E7A4F7556}") = "SuperHeroes", "SuperHeroes\SuperHeroes.csproj", "{316CA2F2-6905-49B5-A58D-8DD1E458DD30}"
EndProject
Project("{9A19103F-16F7-4668-BE54-9A1E7A4F7556}") = "Planes", "Planes\Planes.csproj", "{48465A42-A28A-4FD3-B747-9BA21EE5BF17}"
EndProject
Project("{9A19103F-16F7-4668-BE54-9A1E7A4F7556}") = "Bakery", "Bakery\Bakery.csproj", "{D6B4007F-E3E6-4763-9B5D-25486A3853BC}"
EndProject
Project("{9A19103F-16F7-4668-BE54-9A1E7A4F7556}") = "Vehicle", "Vehicle\Vehicle.csproj", "{A2BB646C-FE18-4F4D-B1E6-0F7066973263}"
EndProject
Project("{9A19103F-16F7-4668-BE54-9A1E7A4F7556}") = "Szuperhos", "Szuperhos\Szuperhos.csproj", "{2A8B26B3-5698-438F-85D2-1B19C98F8376}"
EndProject
Project("{9A19103F-16F7-4668-BE54-9A1E7A4F7556}") = "Ero", "Ero\Ero.csproj", "{255C12E9-2079-49AC-8006-3B9B6720B04E}"
EndProject
Project("{9A19103F-16F7-4668-BE54-9A1E7A4F7556}") = "Urhalo", "Urhalo\Urhalo.csproj", "{8CDA1419-7F0A-4C92-A749-C38E95DD6709}"
EndProject
Project("{9A19103F-16F7-4668-BE54-9A1E7A4F7556}") = "Ingatlan", "Ingatlan\Ingatlan.csproj", "{1085E046-524E-48AB-A90A-023A487F889A}"
EndProject
Project("{9A19103F-16F7-4668-BE54-9A1E7A4F7556}") = "UrhajokSajat", "UrhajokSajat\UrhajokSajat.csproj", "{948D75DD-0499-4268-A92E-5F776B56CAA0}"
EndProject
Project("{FAE04EC0-301F-11D3-BF4B-00C04F79EFBC}") = "Bank", "Bank\Bank.csproj", "{20C31DAA-020F-405D-B3B0-9FDE7E12E296}"
EndProject
Global
	GlobalSection(SolutionConfigurationPlatforms) = preSolution
		Debug|Any CPU = Debug|Any CPU
		Release|Any CPU = Release|Any CPU
	EndGlobalSection
	GlobalSection(ProjectConfigurationPlatforms) = postSolution
		{316CA2F2-6905-49B5-A58D-8DD1E458DD30}.Debug|Any CPU.ActiveCfg = Debug|Any CPU
		{316CA2F2-6905-49B5-A58D-8DD1E458DD30}.Debug|Any CPU.Build.0 = Debug|Any CPU
		{316CA2F2-6905-49B5-A58D-8DD1E458DD30}.Release|Any CPU.ActiveCfg = Release|Any CPU
		{316CA2F2-6905-49B5-A58D-8DD1E458DD30}.Release|Any CPU.Build.0 = Release|Any CPU
		{48465A42-A28A-4FD3-B747-9BA21EE5BF17}.Debug|Any CPU.ActiveCfg = Debug|Any CPU
		{48465A42-A28A-4FD3-B747-9BA21EE5BF17}.Debug|Any CPU.Build.0 = Debug|Any CPU
		{48465A42-A28A-4FD3-B747-9BA21EE5BF17}.Release|Any CPU.ActiveCfg = Release|Any CPU
		{48465A42-A28A-4FD3-B747-9BA21EE5BF17}.Release|Any CPU.Build.0 = Release|Any CPU
		{D6B4007F-E3E6-4763-9B5D-25486A3853BC}.Debug|Any CPU.ActiveCfg = Debug|Any CPU
		{D6B4007F-E3E6-4763-9B5D-25486A3853BC}.Debug|Any CPU.Build.0 = Debug|Any CPU
		{D6B4007F-E3E6-4763-9B5D-25486A3853BC}.Release|Any CPU.ActiveCfg = Release|Any CPU
		{D6B4007F-E3E6-4763-9B5D-25486A3853BC}.Release|Any CPU.Build.0 = Release|Any CPU
		{A2BB646C-FE18-4F4D-B1E6-0F7066973263}.Debug|Any CPU.ActiveCfg = Debug|Any CPU
		{A2BB646C-FE18-4F4D-B1E6-0F7066973263}.Debug|Any CPU.Build.0 = Debug|Any CPU
		{A2BB646C-FE18-4F4D-B1E6-0F7066973263}.Release|Any CPU.ActiveCfg = Release|Any CPU
		{A2BB646C-FE18-4F4D-B1E6-0F7066973263}.Release|Any CPU.Build.0 = Release|Any CPU
		{2A8B26B3-5698-438F-85D2-1B19C98F8376}.Debug|Any CPU.ActiveCfg = Debug|Any CPU
		{2A8B26B3-5698-438F-85D2-1B19C98F8376}.Debug|Any CPU.Build.0 = Debug|Any CPU
		{2A8B26B3-5698-438F-85D2-1B19C98F8376}.Release|Any CPU.ActiveCfg = Release|Any CPU
		{2A8B26B3-5698-438F-85D2-1B19C98F8376}.Release|Any CPU.Build.0 = Release|Any CPU
		{255C12E9-2079-49AC-8006-3B9B6720B04E}.Debug|Any CPU.ActiveCfg = Debug|Any CPU
		{255C12E9-2079-49AC-8006-3B9B6720B04E}.Debug|Any CPU.Build.0 = Debug|Any CPU
		{255C12E9-2079-49AC-8006-3B9B6720B04E}.Release|Any CPU.ActiveCfg = Release|Any CPU
		{255C12E9-2079-49AC-8006-3B9B6720B04E}.Release|Any CPU.Build.0 = Release|Any CPU
		{8CDA1419-7F0A-4C92-A749-C38E95DD6709}.Debug|Any CPU.ActiveCfg = Debug|Any CPU
		{8CDA1419-7F0A-4C92-A749-C38E95DD6709}.Debug|Any CPU.Build.0 = Debug|Any CPU
		{8CDA1419-7F0A-4C92-A749-C38E95DD6709}.Release|Any CPU.ActiveCfg = Release|Any CPU
		{8CDA1419-7F0A-4C92-A749-C38E95DD6709}.Release|Any CPU.Build.0 = Release|Any CPU
		{1085E046-524E-48AB-A90A-023A487F889A}.Debug|Any CPU.ActiveCfg = Debug|Any CPU
		{1085E046-524E-48AB-A90A-023A487F889A}.Debug|Any CPU.Build.0 = Debug|Any CPU
		{1085E046-524E-48AB-A90A-023A487F889A}.Release|Any CPU.ActiveCfg = Release|Any CPU
		{1085E046-524E-48AB-A90A-023A487F889A}.Release|Any CPU.Build.0 = Release|Any CPU
		{948D75DD-0499-4268-A92E-5F776B56CAA0}.Debug|Any CPU.ActiveCfg = Debug|Any CPU
		{948D75DD-0499-4268-A92E-5F776B56CAA0}.Debug|Any CPU.Build.0 = Debug|Any CPU
		{948D75DD-0499-4268-A92E-5F776B56CAA0}.Release|Any CPU.ActiveCfg = Release|Any CPU
		{948D75DD-0499-4268-A92E-5F776B56CAA0}.Release|Any CPU.Build.0 = Release|Any CPU
		{20C31DAA-020F-405D-B3B0-9FDE7E12E296}.Debug|Any CPU.ActiveCfg = Debug|Any CPU
		{20C31DAA-020F-405D-B3B0-9FDE7E12E296}.Debug|Any CPU.Build.0 = Debug|Any CPU
		{20C31DAA-020F-405D-B3B0-9FDE7E12E296}.Release|Any CPU.ActiveCfg = Release|Any CPU
		{20C31DAA-020F-405D-B3B0-9FDE7E12E296}.Release|Any CPU.Build.0 = Release|Any CPU
	EndGlobalSection
	GlobalSection(SolutionProperties) = preSolution
		HideSolutionNode = FALSE
	EndGlobalSection
	GlobalSection(ExtensibilityGlobals) = postSolution
		SolutionGuid = {0DD1F4A1-D67F-4F51-B10C-55552F44B451}
	EndGlobalSection
EndGlobal
